
Microsoft Visual Studio Solution File, Format Version 12.00
# Visual Studio Version 16
VisualStudioVersion = 16.0.29215.179
MinimumVisualStudioVersion = 10.0.40219.1
Project("{FAE04EC0-301F-11D3-BF4B-00C04F79EFBC}") = "FocuserArduino", "FocuserArduino\FocuserArduino.csproj", "{7B2CBC0C-0904-424D-9528-19B0E91DC010}"
EndProject
Project("{FAE04EC0-301F-11D3-BF4B-00C04F79EFBC}") = "CommandMessenger", "..\..\Arduino\libraries\CmdMessenger\CSharp\CommandMessenger\CommandMessenger.csproj", "{3CF8F8FC-6F5C-46F8-94DC-C2E4C505ECA4}"
EndProject
Global
	GlobalSection(SolutionConfigurationPlatforms) = preSolution
		Debug|Any CPU = Debug|Any CPU
		Debug|ARM = Debug|ARM
		Debug|ARM64 = Debug|ARM64
		Debug|x64 = Debug|x64
		Debug|x86 = Debug|x86
		Release|Any CPU = Release|Any CPU
		Release|ARM = Release|ARM
		Release|ARM64 = Release|ARM64
		Release|x64 = Release|x64
		Release|x86 = Release|x86
	EndGlobalSection
	GlobalSection(ProjectConfigurationPlatforms) = postSolution
		{7B2CBC0C-0904-424D-9528-19B0E91DC010}.Debug|Any CPU.ActiveCfg = Debug|Any CPU
		{7B2CBC0C-0904-424D-9528-19B0E91DC010}.Debug|Any CPU.Build.0 = Debug|Any CPU
		{7B2CBC0C-0904-424D-9528-19B0E91DC010}.Debug|ARM.ActiveCfg = Debug|Any CPU
		{7B2CBC0C-0904-424D-9528-19B0E91DC010}.Debug|ARM.Build.0 = Debug|Any CPU
		{7B2CBC0C-0904-424D-9528-19B0E91DC010}.Debug|ARM64.ActiveCfg = Debug|Any CPU
		{7B2CBC0C-0904-424D-9528-19B0E91DC010}.Debug|ARM64.Build.0 = Debug|Any CPU
		{7B2CBC0C-0904-424D-9528-19B0E91DC010}.Debug|x64.ActiveCfg = Debug|Any CPU
		{7B2CBC0C-0904-424D-9528-19B0E91DC010}.Debug|x64.Build.0 = Debug|Any CPU
		{7B2CBC0C-0904-424D-9528-19B0E91DC010}.Debug|x86.ActiveCfg = Debug|Any CPU
		{7B2CBC0C-0904-424D-9528-19B0E91DC010}.Debug|x86.Build.0 = Debug|Any CPU
		{7B2CBC0C-0904-424D-9528-19B0E91DC010}.Release|Any CPU.ActiveCfg = Release|Any CPU
		{7B2CBC0C-0904-424D-9528-19B0E91DC010}.Release|Any CPU.Build.0 = Release|Any CPU
		{7B2CBC0C-0904-424D-9528-19B0E91DC010}.Release|ARM.ActiveCfg = Release|Any CPU
		{7B2CBC0C-0904-424D-9528-19B0E91DC010}.Release|ARM.Build.0 = Release|Any CPU
		{7B2CBC0C-0904-424D-9528-19B0E91DC010}.Release|ARM64.ActiveCfg = Release|Any CPU
		{7B2CBC0C-0904-424D-9528-19B0E91DC010}.Release|ARM64.Build.0 = Release|Any CPU
		{7B2CBC0C-0904-424D-9528-19B0E91DC010}.Release|x64.ActiveCfg = Release|Any CPU
		{7B2CBC0C-0904-424D-9528-19B0E91DC010}.Release|x64.Build.0 = Release|Any CPU
		{7B2CBC0C-0904-424D-9528-19B0E91DC010}.Release|x86.ActiveCfg = Release|Any CPU
		{7B2CBC0C-0904-424D-9528-19B0E91DC010}.Release|x86.Build.0 = Release|Any CPU
		{3CF8F8FC-6F5C-46F8-94DC-C2E4C505ECA4}.Debug|Any CPU.ActiveCfg = Debug|Any CPU
		{3CF8F8FC-6F5C-46F8-94DC-C2E4C505ECA4}.Debug|Any CPU.Build.0 = Debug|Any CPU
		{3CF8F8FC-6F5C-46F8-94DC-C2E4C505ECA4}.Debug|ARM.ActiveCfg = Debug|Any CPU
		{3CF8F8FC-6F5C-46F8-94DC-C2E4C505ECA4}.Debug|ARM.Build.0 = Debug|Any CPU
		{3CF8F8FC-6F5C-46F8-94DC-C2E4C505ECA4}.Debug|ARM64.ActiveCfg = Debug|Any CPU
		{3CF8F8FC-6F5C-46F8-94DC-C2E4C505ECA4}.Debug|ARM64.Build.0 = Debug|Any CPU
		{3CF8F8FC-6F5C-46F8-94DC-C2E4C505ECA4}.Debug|x64.ActiveCfg = Debug|Any CPU
		{3CF8F8FC-6F5C-46F8-94DC-C2E4C505ECA4}.Debug|x64.Build.0 = Debug|Any CPU
		{3CF8F8FC-6F5C-46F8-94DC-C2E4C505ECA4}.Debug|x86.ActiveCfg = Debug|Any CPU
		{3CF8F8FC-6F5C-46F8-94DC-C2E4C505ECA4}.Debug|x86.Build.0 = Debug|Any CPU
		{3CF8F8FC-6F5C-46F8-94DC-C2E4C505ECA4}.Release|Any CPU.ActiveCfg = Release|Any CPU
		{3CF8F8FC-6F5C-46F8-94DC-C2E4C505ECA4}.Release|Any CPU.Build.0 = Release|Any CPU
		{3CF8F8FC-6F5C-46F8-94DC-C2E4C505ECA4}.Release|ARM.ActiveCfg = Release|Any CPU
		{3CF8F8FC-6F5C-46F8-94DC-C2E4C505ECA4}.Release|ARM.Build.0 = Release|Any CPU
		{3CF8F8FC-6F5C-46F8-94DC-C2E4C505ECA4}.Release|ARM64.ActiveCfg = Release|Any CPU
		{3CF8F8FC-6F5C-46F8-94DC-C2E4C505ECA4}.Release|ARM64.Build.0 = Release|Any CPU
		{3CF8F8FC-6F5C-46F8-94DC-C2E4C505ECA4}.Release|x64.ActiveCfg = Release|Any CPU
		{3CF8F8FC-6F5C-46F8-94DC-C2E4C505ECA4}.Release|x64.Build.0 = Release|Any CPU
		{3CF8F8FC-6F5C-46F8-94DC-C2E4C505ECA4}.Release|x86.ActiveCfg = Release|Any CPU
		{3CF8F8FC-6F5C-46F8-94DC-C2E4C505ECA4}.Release|x86.Build.0 = Release|Any CPU
	EndGlobalSection
	GlobalSection(SolutionProperties) = preSolution
		HideSolutionNode = FALSE
	EndGlobalSection
	GlobalSection(ExtensibilityGlobals) = postSolution
		SolutionGuid = {B33C6092-9276-412B-B8BB-3EF8046A19B3}
	EndGlobalSection
EndGlobal
